
Microsoft Visual Studio Solution File, Format Version 12.00
# Visual Studio Version 17
VisualStudioVersion = 17.11.35219.272
MinimumVisualStudioVersion = 10.0.40219.1
Project("{FAE04EC0-301F-11D3-BF4B-00C04F79EFBC}") = "HidHideInstaller", "HidHideInstaller\HidHideInstaller.csproj", "{2B35D418-9875-4D79-A4EB-D888C35B3A11}"
EndProject
Global
	GlobalSection(SolutionConfigurationPlatforms) = preSolution
		Debug|Any CPU = Debug|Any CPU
		Release|Any CPU = Release|Any CPU
	EndGlobalSection
	GlobalSection(ProjectConfigurationPlatforms) = postSolution
		{2B35D418-9875-4D79-A4EB-D888C35B3A11}.Debug|Any CPU.ActiveCfg = Debug|Any CPU
		{2B35D418-9875-4D79-A4EB-D888C35B3A11}.Debug|Any CPU.Build.0 = Debug|Any CPU
		{2B35D418-9875-4D79-A4EB-D888C35B3A11}.Release|Any CPU.ActiveCfg = Release|Any CPU
		{2B35D418-9875-4D79-A4EB-D888C35B3A11}.Release|Any CPU.Build.0 = Release|Any CPU
	EndGlobalSection
	GlobalSection(SolutionProperties) = preSolution
		HideSolutionNode = FALSE
	EndGlobalSection
	GlobalSection(ExtensibilityGlobals) = postSolution
		SolutionGuid = {E6CA64B8-BB90-4AD4-B424-7666AF1D7FA8}
	EndGlobalSection
EndGlobal
